
Microsoft Visual Studio Solution File, Format Version 12.00
# Visual Studio Version 17
VisualStudioVersion = 17.3.32929.385
MinimumVisualStudioVersion = 10.0.40219.1
Project("{9A19103F-16F7-4668-BE54-9A1E7A4F7556}") = "HNZ9CU_HFT_2022231.Models", "HNZ9CU_HFT_2022231.Models\HNZ9CU_HFT_2022231.Models.csproj", "{08791B56-1DEA-46DF-838C-E1236AB8774A}"
EndProject
Project("{FAE04EC0-301F-11D3-BF4B-00C04F79EFBC}") = "ClassLibrary1", "ClassLibrary1\ClassLibrary1.csproj", "{D901DB76-B5BA-4095-AF68-8A482E85E394}"
EndProject
Project("{FAE04EC0-301F-11D3-BF4B-00C04F79EFBC}") = "HNZ9CU_HFT_2022231.Logic", "HNZ9CU_HFT_2022231.Logic\HNZ9CU_HFT_2022231.Logic.csproj", "{68F87E6B-9F99-4BBF-885C-D7893204A792}"
EndProject
Project("{FAE04EC0-301F-11D3-BF4B-00C04F79EFBC}") = "HNZ9CU_HFT_2022231.Repository", "HNZ9CU_HFT_2022231.Repository\HNZ9CU_HFT_2022231.Repository.csproj", "{9FBFF3BE-E4D8-4BEA-981A-5A1B4C41466A}"
EndProject
Project("{FAE04EC0-301F-11D3-BF4B-00C04F79EFBC}") = "HNZ9CU_HFT_2022231.Test", "HNZ9CU_HFT_2022231.Test\HNZ9CU_HFT_2022231.Test.csproj", "{FDB0CB5B-513A-42E5-B79A-B26B46738309}"
EndProject
Global
	GlobalSection(SolutionConfigurationPlatforms) = preSolution
		Debug|Any CPU = Debug|Any CPU
		Release|Any CPU = Release|Any CPU
	EndGlobalSection
	GlobalSection(ProjectConfigurationPlatforms) = postSolution
		{08791B56-1DEA-46DF-838C-E1236AB8774A}.Debug|Any CPU.ActiveCfg = Debug|Any CPU
		{08791B56-1DEA-46DF-838C-E1236AB8774A}.Debug|Any CPU.Build.0 = Debug|Any CPU
		{08791B56-1DEA-46DF-838C-E1236AB8774A}.Release|Any CPU.ActiveCfg = Release|Any CPU
		{08791B56-1DEA-46DF-838C-E1236AB8774A}.Release|Any CPU.Build.0 = Release|Any CPU
		{D901DB76-B5BA-4095-AF68-8A482E85E394}.Debug|Any CPU.ActiveCfg = Debug|Any CPU
		{D901DB76-B5BA-4095-AF68-8A482E85E394}.Debug|Any CPU.Build.0 = Debug|Any CPU
		{D901DB76-B5BA-4095-AF68-8A482E85E394}.Release|Any CPU.ActiveCfg = Release|Any CPU
		{D901DB76-B5BA-4095-AF68-8A482E85E394}.Release|Any CPU.Build.0 = Release|Any CPU
		{68F87E6B-9F99-4BBF-885C-D7893204A792}.Debug|Any CPU.ActiveCfg = Debug|Any CPU
		{68F87E6B-9F99-4BBF-885C-D7893204A792}.Debug|Any CPU.Build.0 = Debug|Any CPU
		{68F87E6B-9F99-4BBF-885C-D7893204A792}.Release|Any CPU.ActiveCfg = Release|Any CPU
		{68F87E6B-9F99-4BBF-885C-D7893204A792}.Release|Any CPU.Build.0 = Release|Any CPU
		{9FBFF3BE-E4D8-4BEA-981A-5A1B4C41466A}.Debug|Any CPU.ActiveCfg = Debug|Any CPU
		{9FBFF3BE-E4D8-4BEA-981A-5A1B4C41466A}.Debug|Any CPU.Build.0 = Debug|Any CPU
		{9FBFF3BE-E4D8-4BEA-981A-5A1B4C41466A}.Release|Any CPU.ActiveCfg = Release|Any CPU
		{9FBFF3BE-E4D8-4BEA-981A-5A1B4C41466A}.Release|Any CPU.Build.0 = Release|Any CPU
		{FDB0CB5B-513A-42E5-B79A-B26B46738309}.Debug|Any CPU.ActiveCfg = Debug|Any CPU
		{FDB0CB5B-513A-42E5-B79A-B26B46738309}.Debug|Any CPU.Build.0 = Debug|Any CPU
		{FDB0CB5B-513A-42E5-B79A-B26B46738309}.Release|Any CPU.ActiveCfg = Release|Any CPU
		{FDB0CB5B-513A-42E5-B79A-B26B46738309}.Release|Any CPU.Build.0 = Release|Any CPU
	EndGlobalSection
	GlobalSection(SolutionProperties) = preSolution
		HideSolutionNode = FALSE
	EndGlobalSection
	GlobalSection(ExtensibilityGlobals) = postSolution
		SolutionGuid = {78D4116E-1523-40EB-8EEF-74BCEE6932CC}
	EndGlobalSection
EndGlobal
