
Microsoft Visual Studio Solution File, Format Version 12.00
# Visual Studio Version 17
VisualStudioVersion = 17.3.32929.385
MinimumVisualStudioVersion = 10.0.40219.1
Project("{9A19103F-16F7-4668-BE54-9A1E7A4F7556}") = "HNZ9CU_HFT_2022231.Models", "HNZ9CU_HFT_2022231.Models\HNZ9CU_HFT_2022231.Models.csproj", "{08791B56-1DEA-46DF-838C-E1236AB8774A}"
EndProject
Project("{9A19103F-16F7-4668-BE54-9A1E7A4F7556}") = "HNZ9CU_HFT_2022231.Logic", "HNZ9CU_HFT_2022231.Logic\HNZ9CU_HFT_2022231.Logic.csproj", "{68F87E6B-9F99-4BBF-885C-D7893204A792}"
EndProject
Project("{9A19103F-16F7-4668-BE54-9A1E7A4F7556}") = "HNZ9CU_HFT_2022231.Repository", "HNZ9CU_HFT_2022231.Repository\HNZ9CU_HFT_2022231.Repository.csproj", "{9FBFF3BE-E4D8-4BEA-981A-5A1B4C41466A}"
EndProject
Project("{9A19103F-16F7-4668-BE54-9A1E7A4F7556}") = "HNZ9CU_HFT_2022231.Test", "HNZ9CU_HFT_2022231.Test\HNZ9CU_HFT_2022231.Test.csproj", "{FDB0CB5B-513A-42E5-B79A-B26B46738309}"
EndProject
Project("{2150E333-8FDC-42A3-9474-1A3956D46DE8}") = "Backend", "Backend", "{6BAD91CC-E8B4-40D8-B14A-F1DEBF2117F9}"
EndProject
Project("{2150E333-8FDC-42A3-9474-1A3956D46DE8}") = "Frontend", "Frontend", "{A34182DB-989D-47D1-874C-37A5E193DE1A}"
EndProject
Project("{2150E333-8FDC-42A3-9474-1A3956D46DE8}") = "Shared", "Shared", "{08054AA0-B662-4303-9DF5-47F131D65722}"
EndProject
Project("{9A19103F-16F7-4668-BE54-9A1E7A4F7556}") = "HNZ9CU_HFT_2022231.Client", "HNZ9CU_HFT_2022231.Client\HNZ9CU_HFT_2022231.Client.csproj", "{17FA8F43-3D96-47BB-ACE6-D68BD09FA881}"
EndProject
Project("{9A19103F-16F7-4668-BE54-9A1E7A4F7556}") = "HNZ9CU_HFT_2022231.Data", "HNZ9CU_HFT_2022231.Data\HNZ9CU_HFT_2022231.Data.csproj", "{EFA5F6E3-F5E1-4DA3-BA4E-EB2E7EA69067}"
EndProject
Project("{FAE04EC0-301F-11D3-BF4B-00C04F79EFBC}") = "HNZ9CU_HFT_2022231.Endpoint", "HNZ9CU_HFT_2022231.Endpoint\HNZ9CU_HFT_2022231.Endpoint.csproj", "{30B6FE48-0D20-4F11-B1AD-92407DCFA4CA}"
EndProject
Global
	GlobalSection(SolutionConfigurationPlatforms) = preSolution
		Debug|Any CPU = Debug|Any CPU
		Release|Any CPU = Release|Any CPU
	EndGlobalSection
	GlobalSection(ProjectConfigurationPlatforms) = postSolution
		{08791B56-1DEA-46DF-838C-E1236AB8774A}.Debug|Any CPU.ActiveCfg = Debug|Any CPU
		{08791B56-1DEA-46DF-838C-E1236AB8774A}.Debug|Any CPU.Build.0 = Debug|Any CPU
		{08791B56-1DEA-46DF-838C-E1236AB8774A}.Release|Any CPU.ActiveCfg = Release|Any CPU
		{08791B56-1DEA-46DF-838C-E1236AB8774A}.Release|Any CPU.Build.0 = Release|Any CPU
		{68F87E6B-9F99-4BBF-885C-D7893204A792}.Debug|Any CPU.ActiveCfg = Debug|Any CPU
		{68F87E6B-9F99-4BBF-885C-D7893204A792}.Debug|Any CPU.Build.0 = Debug|Any CPU
		{68F87E6B-9F99-4BBF-885C-D7893204A792}.Release|Any CPU.ActiveCfg = Release|Any CPU
		{68F87E6B-9F99-4BBF-885C-D7893204A792}.Release|Any CPU.Build.0 = Release|Any CPU
		{9FBFF3BE-E4D8-4BEA-981A-5A1B4C41466A}.Debug|Any CPU.ActiveCfg = Debug|Any CPU
		{9FBFF3BE-E4D8-4BEA-981A-5A1B4C41466A}.Debug|Any CPU.Build.0 = Debug|Any CPU
		{9FBFF3BE-E4D8-4BEA-981A-5A1B4C41466A}.Release|Any CPU.ActiveCfg = Release|Any CPU
		{9FBFF3BE-E4D8-4BEA-981A-5A1B4C41466A}.Release|Any CPU.Build.0 = Release|Any CPU
		{FDB0CB5B-513A-42E5-B79A-B26B46738309}.Debug|Any CPU.ActiveCfg = Debug|Any CPU
		{FDB0CB5B-513A-42E5-B79A-B26B46738309}.Debug|Any CPU.Build.0 = Debug|Any CPU
		{FDB0CB5B-513A-42E5-B79A-B26B46738309}.Release|Any CPU.ActiveCfg = Release|Any CPU
		{FDB0CB5B-513A-42E5-B79A-B26B46738309}.Release|Any CPU.Build.0 = Release|Any CPU
		{17FA8F43-3D96-47BB-ACE6-D68BD09FA881}.Debug|Any CPU.ActiveCfg = Debug|Any CPU
		{17FA8F43-3D96-47BB-ACE6-D68BD09FA881}.Debug|Any CPU.Build.0 = Debug|Any CPU
		{17FA8F43-3D96-47BB-ACE6-D68BD09FA881}.Release|Any CPU.ActiveCfg = Release|Any CPU
		{17FA8F43-3D96-47BB-ACE6-D68BD09FA881}.Release|Any CPU.Build.0 = Release|Any CPU
		{EFA5F6E3-F5E1-4DA3-BA4E-EB2E7EA69067}.Debug|Any CPU.ActiveCfg = Debug|Any CPU
		{EFA5F6E3-F5E1-4DA3-BA4E-EB2E7EA69067}.Debug|Any CPU.Build.0 = Debug|Any CPU
		{EFA5F6E3-F5E1-4DA3-BA4E-EB2E7EA69067}.Release|Any CPU.ActiveCfg = Release|Any CPU
		{EFA5F6E3-F5E1-4DA3-BA4E-EB2E7EA69067}.Release|Any CPU.Build.0 = Release|Any CPU
		{30B6FE48-0D20-4F11-B1AD-92407DCFA4CA}.Debug|Any CPU.ActiveCfg = Debug|Any CPU
		{30B6FE48-0D20-4F11-B1AD-92407DCFA4CA}.Debug|Any CPU.Build.0 = Debug|Any CPU
		{30B6FE48-0D20-4F11-B1AD-92407DCFA4CA}.Release|Any CPU.ActiveCfg = Release|Any CPU
		{30B6FE48-0D20-4F11-B1AD-92407DCFA4CA}.Release|Any CPU.Build.0 = Release|Any CPU
	EndGlobalSection
	GlobalSection(SolutionProperties) = preSolution
		HideSolutionNode = FALSE
	EndGlobalSection
	GlobalSection(NestedProjects) = preSolution
		{08791B56-1DEA-46DF-838C-E1236AB8774A} = {08054AA0-B662-4303-9DF5-47F131D65722}
		{68F87E6B-9F99-4BBF-885C-D7893204A792} = {6BAD91CC-E8B4-40D8-B14A-F1DEBF2117F9}
		{9FBFF3BE-E4D8-4BEA-981A-5A1B4C41466A} = {6BAD91CC-E8B4-40D8-B14A-F1DEBF2117F9}
		{FDB0CB5B-513A-42E5-B79A-B26B46738309} = {6BAD91CC-E8B4-40D8-B14A-F1DEBF2117F9}
		{17FA8F43-3D96-47BB-ACE6-D68BD09FA881} = {A34182DB-989D-47D1-874C-37A5E193DE1A}
		{EFA5F6E3-F5E1-4DA3-BA4E-EB2E7EA69067} = {6BAD91CC-E8B4-40D8-B14A-F1DEBF2117F9}
		{30B6FE48-0D20-4F11-B1AD-92407DCFA4CA} = {6BAD91CC-E8B4-40D8-B14A-F1DEBF2117F9}
	EndGlobalSection
	GlobalSection(ExtensibilityGlobals) = postSolution
		SolutionGuid = {78D4116E-1523-40EB-8EEF-74BCEE6932CC}
	EndGlobalSection
EndGlobal
